
Microsoft Visual Studio Solution File, Format Version 12.00
# Visual Studio Version 17
VisualStudioVersion = 17.0.31903.59
MinimumVisualStudioVersion = 10.0.40219.1
Project("{FAE04EC0-301F-11D3-BF4B-00C04F79EFBC}") = "Application", "Application\Application.csproj", "{A7C2C29B-EE99-40D1-A7FE-0650C81321E4}"
EndProject
Project("{FAE04EC0-301F-11D3-BF4B-00C04F79EFBC}") = "Domain", "Domain\Domain.csproj", "{B2977444-85BD-4AC1-9A8A-ACAAB4C3B9D8}"
EndProject
Project("{FAE04EC0-301F-11D3-BF4B-00C04F79EFBC}") = "Infrastructure", "Infrastructure\Infrastructure.csproj", "{4B413465-2F4D-4DEF-A2BF-48844014BAEE}"
EndProject
Project("{FAE04EC0-301F-11D3-BF4B-00C04F79EFBC}") = "Persistence", "Persistence\Persistence.csproj", "{7CD8D01A-DB2E-4EAF-8D9D-78063DE72336}"
EndProject
Project("{FAE04EC0-301F-11D3-BF4B-00C04F79EFBC}") = "POS", "POS\POS.csproj", "{0147B3E4-DC64-4AE9-ACAD-10B2D2DCF2B9}"
EndProject
Global
	GlobalSection(SolutionConfigurationPlatforms) = preSolution
		Debug|Any CPU = Debug|Any CPU
		Release|Any CPU = Release|Any CPU
	EndGlobalSection
	GlobalSection(SolutionProperties) = preSolution
		HideSolutionNode = FALSE
	EndGlobalSection
	GlobalSection(ProjectConfigurationPlatforms) = postSolution
		{A7C2C29B-EE99-40D1-A7FE-0650C81321E4}.Debug|Any CPU.ActiveCfg = Debug|Any CPU
		{A7C2C29B-EE99-40D1-A7FE-0650C81321E4}.Debug|Any CPU.Build.0 = Debug|Any CPU
		{A7C2C29B-EE99-40D1-A7FE-0650C81321E4}.Release|Any CPU.ActiveCfg = Release|Any CPU
		{A7C2C29B-EE99-40D1-A7FE-0650C81321E4}.Release|Any CPU.Build.0 = Release|Any CPU
		{B2977444-85BD-4AC1-9A8A-ACAAB4C3B9D8}.Debug|Any CPU.ActiveCfg = Debug|Any CPU
		{B2977444-85BD-4AC1-9A8A-ACAAB4C3B9D8}.Debug|Any CPU.Build.0 = Debug|Any CPU
		{B2977444-85BD-4AC1-9A8A-ACAAB4C3B9D8}.Release|Any CPU.ActiveCfg = Release|Any CPU
		{B2977444-85BD-4AC1-9A8A-ACAAB4C3B9D8}.Release|Any CPU.Build.0 = Release|Any CPU
		{4B413465-2F4D-4DEF-A2BF-48844014BAEE}.Debug|Any CPU.ActiveCfg = Debug|Any CPU
		{4B413465-2F4D-4DEF-A2BF-48844014BAEE}.Debug|Any CPU.Build.0 = Debug|Any CPU
		{4B413465-2F4D-4DEF-A2BF-48844014BAEE}.Release|Any CPU.ActiveCfg = Release|Any CPU
		{4B413465-2F4D-4DEF-A2BF-48844014BAEE}.Release|Any CPU.Build.0 = Release|Any CPU
		{7CD8D01A-DB2E-4EAF-8D9D-78063DE72336}.Debug|Any CPU.ActiveCfg = Debug|Any CPU
		{7CD8D01A-DB2E-4EAF-8D9D-78063DE72336}.Debug|Any CPU.Build.0 = Debug|Any CPU
		{7CD8D01A-DB2E-4EAF-8D9D-78063DE72336}.Release|Any CPU.ActiveCfg = Release|Any CPU
		{7CD8D01A-DB2E-4EAF-8D9D-78063DE72336}.Release|Any CPU.Build.0 = Release|Any CPU
		{0147B3E4-DC64-4AE9-ACAD-10B2D2DCF2B9}.Debug|Any CPU.ActiveCfg = Debug|Any CPU
		{0147B3E4-DC64-4AE9-ACAD-10B2D2DCF2B9}.Debug|Any CPU.Build.0 = Debug|Any CPU
		{0147B3E4-DC64-4AE9-ACAD-10B2D2DCF2B9}.Release|Any CPU.ActiveCfg = Release|Any CPU
		{0147B3E4-DC64-4AE9-ACAD-10B2D2DCF2B9}.Release|Any CPU.Build.0 = Release|Any CPU
	EndGlobalSection
EndGlobal
