
Microsoft Visual Studio Solution File, Format Version 12.00
# Visual Studio Version 17
VisualStudioVersion = 17.0.32014.148
MinimumVisualStudioVersion = 10.0.40219.1
Project("{9A19103F-16F7-4668-BE54-9A1E7A4F7556}") = "Application", "Application\Application.csproj", "{4294CD6F-D38B-4354-84BA-64AC7A6AAAEF}"
EndProject
Project("{9A19103F-16F7-4668-BE54-9A1E7A4F7556}") = "Domain", "Domain\Domain.csproj", "{36704F13-160F-439B-9EF3-B436ADD64D34}"
EndProject
Project("{9A19103F-16F7-4668-BE54-9A1E7A4F7556}") = "Persistence", "Persistence\Persistence.csproj", "{BBBC5B26-45D1-4A1E-BCD5-F7E5DF9FCEB3}"
EndProject
Project("{9A19103F-16F7-4668-BE54-9A1E7A4F7556}") = "POS", "POS\POS.csproj", "{7C445C9B-5927-48FD-96E7-A7CD7B0AB3ED}"
EndProject
Global
	GlobalSection(SolutionConfigurationPlatforms) = preSolution
		Debug|Any CPU = Debug|Any CPU
		Release|Any CPU = Release|Any CPU
	EndGlobalSection
	GlobalSection(ProjectConfigurationPlatforms) = postSolution
		{4294CD6F-D38B-4354-84BA-64AC7A6AAAEF}.Debug|Any CPU.ActiveCfg = Debug|Any CPU
		{4294CD6F-D38B-4354-84BA-64AC7A6AAAEF}.Debug|Any CPU.Build.0 = Debug|Any CPU
		{4294CD6F-D38B-4354-84BA-64AC7A6AAAEF}.Release|Any CPU.ActiveCfg = Release|Any CPU
		{4294CD6F-D38B-4354-84BA-64AC7A6AAAEF}.Release|Any CPU.Build.0 = Release|Any CPU
		{36704F13-160F-439B-9EF3-B436ADD64D34}.Debug|Any CPU.ActiveCfg = Debug|Any CPU
		{36704F13-160F-439B-9EF3-B436ADD64D34}.Debug|Any CPU.Build.0 = Debug|Any CPU
		{36704F13-160F-439B-9EF3-B436ADD64D34}.Release|Any CPU.ActiveCfg = Release|Any CPU
		{36704F13-160F-439B-9EF3-B436ADD64D34}.Release|Any CPU.Build.0 = Release|Any CPU
		{BBBC5B26-45D1-4A1E-BCD5-F7E5DF9FCEB3}.Debug|Any CPU.ActiveCfg = Debug|Any CPU
		{BBBC5B26-45D1-4A1E-BCD5-F7E5DF9FCEB3}.Debug|Any CPU.Build.0 = Debug|Any CPU
		{BBBC5B26-45D1-4A1E-BCD5-F7E5DF9FCEB3}.Release|Any CPU.ActiveCfg = Release|Any CPU
		{BBBC5B26-45D1-4A1E-BCD5-F7E5DF9FCEB3}.Release|Any CPU.Build.0 = Release|Any CPU
		{7C445C9B-5927-48FD-96E7-A7CD7B0AB3ED}.Debug|Any CPU.ActiveCfg = Debug|Any CPU
		{7C445C9B-5927-48FD-96E7-A7CD7B0AB3ED}.Debug|Any CPU.Build.0 = Debug|Any CPU
		{7C445C9B-5927-48FD-96E7-A7CD7B0AB3ED}.Release|Any CPU.ActiveCfg = Release|Any CPU
		{7C445C9B-5927-48FD-96E7-A7CD7B0AB3ED}.Release|Any CPU.Build.0 = Release|Any CPU
	EndGlobalSection
	GlobalSection(SolutionProperties) = preSolution
		HideSolutionNode = FALSE
	EndGlobalSection
	GlobalSection(ExtensibilityGlobals) = postSolution
		SolutionGuid = {0FA33BC8-1870-44FA-A5B8-79E7D1A1F10C}
	EndGlobalSection
EndGlobal
